// !$*UTF8*$!
{
	archiveVersion = 1;
	classes = {
	};
	objectVersion = 56;
	objects = {

/* Begin PBXBuildFile section */
		EA09E68B2C35654900A76EC8 /* PointsCounter.swift in Sources */ = {isa = PBXBuildFile; fileRef = EA09E68A2C35654900A76EC8 /* PointsCounter.swift */; };
		EA13DE192C33FD5D0067BD27 /* ToastView.swift in Sources */ = {isa = PBXBuildFile; fileRef = EA13DE182C33FD5D0067BD27 /* ToastView.swift */; };
		EA13DE1B2C33FEC00067BD27 /* ContentView.swift in Sources */ = {isa = PBXBuildFile; fileRef = EA13DE1A2C33FEC00067BD27 /* ContentView.swift */; };
		EA5385542C32FDA400A51A0A /* ChangePasswordView.swift in Sources */ = {isa = PBXBuildFile; fileRef = EA5385532C32FDA400A51A0A /* ChangePasswordView.swift */; };
		EA5385562C32FDA600A51A0A /* Assets.xcassets in Resources */ = {isa = PBXBuildFile; fileRef = EA5385552C32FDA600A51A0A /* Assets.xcassets */; };
		EA5385592C32FDA600A51A0A /* Preview Assets.xcassets in Resources */ = {isa = PBXBuildFile; fileRef = EA5385582C32FDA600A51A0A /* Preview Assets.xcassets */; };
		EABF88412C34106B009040F5 /* TestUITests.swift in Sources */ = {isa = PBXBuildFile; fileRef = EABF88402C34106B009040F5 /* TestUITests.swift */; };
		EABF88432C34106B009040F5 /* TestUITestsLaunchTests.swift in Sources */ = {isa = PBXBuildFile; fileRef = EABF88422C34106B009040F5 /* TestUITestsLaunchTests.swift */; };
		EABF884A2C3410F0009040F5 /* TestApp.swift in Sources */ = {isa = PBXBuildFile; fileRef = EA5385512C32FDA400A51A0A /* TestApp.swift */; };
		EABF884B2C3410F3009040F5 /* ContentView_UITests.swift in Sources */ = {isa = PBXBuildFile; fileRef = EA8D6B9C2C340CFC0005817B /* ContentView_UITests.swift */; };
/* End PBXBuildFile section */

/* Begin PBXContainerItemProxy section */
		EABF88442C34106B009040F5 /* PBXContainerItemProxy */ = {
			isa = PBXContainerItemProxy;
			containerPortal = EA5385462C32FDA400A51A0A /* Project object */;
			proxyType = 1;
			remoteGlobalIDString = EA53854D2C32FDA400A51A0A;
			remoteInfo = Test;
		};
/* End PBXContainerItemProxy section */

/* Begin PBXFileReference section */
		EA09E68A2C35654900A76EC8 /* PointsCounter.swift */ = {isa = PBXFileReference; lastKnownFileType = sourcecode.swift; path = PointsCounter.swift; sourceTree = "<group>"; };
		EA13DE182C33FD5D0067BD27 /* ToastView.swift */ = {isa = PBXFileReference; lastKnownFileType = sourcecode.swift; path = ToastView.swift; sourceTree = "<group>"; };
		EA13DE1A2C33FEC00067BD27 /* ContentView.swift */ = {isa = PBXFileReference; lastKnownFileType = sourcecode.swift; path = ContentView.swift; sourceTree = "<group>"; };
		EA53854E2C32FDA400A51A0A /* Test.app */ = {isa = PBXFileReference; explicitFileType = wrapper.application; includeInIndex = 0; path = Test.app; sourceTree = BUILT_PRODUCTS_DIR; };
		EA5385512C32FDA400A51A0A /* TestApp.swift */ = {isa = PBXFileReference; lastKnownFileType = sourcecode.swift; path = TestApp.swift; sourceTree = "<group>"; };
		EA5385532C32FDA400A51A0A /* ChangePasswordView.swift */ = {isa = PBXFileReference; lastKnownFileType = sourcecode.swift; path = ChangePasswordView.swift; sourceTree = "<group>"; };
		EA5385552C32FDA600A51A0A /* Assets.xcassets */ = {isa = PBXFileReference; lastKnownFileType = folder.assetcatalog; path = Assets.xcassets; sourceTree = "<group>"; };
		EA5385582C32FDA600A51A0A /* Preview Assets.xcassets */ = {isa = PBXFileReference; lastKnownFileType = folder.assetcatalog; path = "Preview Assets.xcassets"; sourceTree = "<group>"; };
		EA8D6B9C2C340CFC0005817B /* ContentView_UITests.swift */ = {isa = PBXFileReference; lastKnownFileType = sourcecode.swift; path = ContentView_UITests.swift; sourceTree = "<group>"; };
		EABF883E2C34106B009040F5 /* TestUITests.xctest */ = {isa = PBXFileReference; explicitFileType = wrapper.cfbundle; includeInIndex = 0; path = TestUITests.xctest; sourceTree = BUILT_PRODUCTS_DIR; };
		EABF88402C34106B009040F5 /* TestUITests.swift */ = {isa = PBXFileReference; lastKnownFileType = sourcecode.swift; path = TestUITests.swift; sourceTree = "<group>"; };
		EABF88422C34106B009040F5 /* TestUITestsLaunchTests.swift */ = {isa = PBXFileReference; lastKnownFileType = sourcecode.swift; path = TestUITestsLaunchTests.swift; sourceTree = "<group>"; };
/* End PBXFileReference section */

/* Begin PBXFrameworksBuildPhase section */
		EA53854B2C32FDA400A51A0A /* Frameworks */ = {
			isa = PBXFrameworksBuildPhase;
			buildActionMask = 2147483647;
			files = (
			);
			runOnlyForDeploymentPostprocessing = 0;
		};
		EABF883B2C34106B009040F5 /* Frameworks */ = {
			isa = PBXFrameworksBuildPhase;
			buildActionMask = 2147483647;
			files = (
			);
			runOnlyForDeploymentPostprocessing = 0;
		};
/* End PBXFrameworksBuildPhase section */

/* Begin PBXGroup section */
		EA5385452C32FDA400A51A0A = {
			isa = PBXGroup;
			children = (
				EA5385502C32FDA400A51A0A /* Test */,
				EABF883F2C34106B009040F5 /* TestUITests */,
				EA53854F2C32FDA400A51A0A /* Products */,
			);
			sourceTree = "<group>";
		};
		EA53854F2C32FDA400A51A0A /* Products */ = {
			isa = PBXGroup;
			children = (
				EA53854E2C32FDA400A51A0A /* Test.app */,
				EABF883E2C34106B009040F5 /* TestUITests.xctest */,
			);
			name = Products;
			sourceTree = "<group>";
		};
		EA5385502C32FDA400A51A0A /* Test */ = {
			isa = PBXGroup;
			children = (
				EA5385512C32FDA400A51A0A /* TestApp.swift */,
				EA5385532C32FDA400A51A0A /* ChangePasswordView.swift */,
				EA13DE182C33FD5D0067BD27 /* ToastView.swift */,
				EA13DE1A2C33FEC00067BD27 /* ContentView.swift */,
				EA09E68A2C35654900A76EC8 /* PointsCounter.swift */,
				EA5385552C32FDA600A51A0A /* Assets.xcassets */,
				EA5385572C32FDA600A51A0A /* Preview Content */,
			);
			path = Test;
			sourceTree = "<group>";
		};
		EA5385572C32FDA600A51A0A /* Preview Content */ = {
			isa = PBXGroup;
			children = (
				EA5385582C32FDA600A51A0A /* Preview Assets.xcassets */,
			);
			path = "Preview Content";
			sourceTree = "<group>";
		};
		EABF883F2C34106B009040F5 /* TestUITests */ = {
			isa = PBXGroup;
			children = (
				EABF88402C34106B009040F5 /* TestUITests.swift */,
				EABF88422C34106B009040F5 /* TestUITestsLaunchTests.swift */,
				EA8D6B9C2C340CFC0005817B /* ContentView_UITests.swift */,
			);
			path = TestUITests;
			sourceTree = "<group>";
		};
/* End PBXGroup section */

/* Begin PBXNativeTarget section */
		EA53854D2C32FDA400A51A0A /* Test */ = {
			isa = PBXNativeTarget;
			buildConfigurationList = EA53855C2C32FDA600A51A0A /* Build configuration list for PBXNativeTarget "Test" */;
			buildPhases = (
				EA53854A2C32FDA400A51A0A /* Sources */,
				EA53854B2C32FDA400A51A0A /* Frameworks */,
				EA53854C2C32FDA400A51A0A /* Resources */,
			);
			buildRules = (
			);
			dependencies = (
			);
			name = Test;
			productName = Test;
			productReference = EA53854E2C32FDA400A51A0A /* Test.app */;
			productType = "com.apple.product-type.application";
		};
		EABF883D2C34106B009040F5 /* TestUITests */ = {
			isa = PBXNativeTarget;
			buildConfigurationList = EABF88482C34106B009040F5 /* Build configuration list for PBXNativeTarget "TestUITests" */;
			buildPhases = (
				EABF883A2C34106B009040F5 /* Sources */,
				EABF883B2C34106B009040F5 /* Frameworks */,
				EABF883C2C34106B009040F5 /* Resources */,
			);
			buildRules = (
			);
			dependencies = (
				EABF88452C34106B009040F5 /* PBXTargetDependency */,
			);
			name = TestUITests;
			productName = TestUITests;
			productReference = EABF883E2C34106B009040F5 /* TestUITests.xctest */;
			productType = "com.apple.product-type.bundle.ui-testing";
		};
/* End PBXNativeTarget section */

/* Begin PBXProject section */
		EA5385462C32FDA400A51A0A /* Project object */ = {
			isa = PBXProject;
			attributes = {
				BuildIndependentTargetsInParallel = 1;
				LastSwiftUpdateCheck = 1500;
				LastUpgradeCheck = 1500;
				TargetAttributes = {
					EA53854D2C32FDA400A51A0A = {
						CreatedOnToolsVersion = 15.0.1;
					};
					EABF883D2C34106B009040F5 = {
						CreatedOnToolsVersion = 15.0.1;
						TestTargetID = EA53854D2C32FDA400A51A0A;
					};
				};
			};
			buildConfigurationList = EA5385492C32FDA400A51A0A /* Build configuration list for PBXProject "Test" */;
			compatibilityVersion = "Xcode 14.0";
			developmentRegion = en;
			hasScannedForEncodings = 0;
			knownRegions = (
				en,
				Base,
			);
			mainGroup = EA5385452C32FDA400A51A0A;
			productRefGroup = EA53854F2C32FDA400A51A0A /* Products */;
			projectDirPath = "";
			projectRoot = "";
			targets = (
				EA53854D2C32FDA400A51A0A /* Test */,
				EABF883D2C34106B009040F5 /* TestUITests */,
			);
		};
/* End PBXProject section */

/* Begin PBXResourcesBuildPhase section */
		EA53854C2C32FDA400A51A0A /* Resources */ = {
			isa = PBXResourcesBuildPhase;
			buildActionMask = 2147483647;
			files = (
				EA5385592C32FDA600A51A0A /* Preview Assets.xcassets in Resources */,
				EA5385562C32FDA600A51A0A /* Assets.xcassets in Resources */,
			);
			runOnlyForDeploymentPostprocessing = 0;
		};
		EABF883C2C34106B009040F5 /* Resources */ = {
			isa = PBXResourcesBuildPhase;
			buildActionMask = 2147483647;
			files = (
			);
			runOnlyForDeploymentPostprocessing = 0;
		};
/* End PBXResourcesBuildPhase section */

/* Begin PBXSourcesBuildPhase section */
		EA53854A2C32FDA400A51A0A /* Sources */ = {
			isa = PBXSourcesBuildPhase;
			buildActionMask = 2147483647;
			files = (
				EA5385542C32FDA400A51A0A /* ChangePasswordView.swift in Sources */,
				EA13DE192C33FD5D0067BD27 /* ToastView.swift in Sources */,
				EA13DE1B2C33FEC00067BD27 /* ContentView.swift in Sources */,
				EA09E68B2C35654900A76EC8 /* PointsCounter.swift in Sources */,
				EABF884A2C3410F0009040F5 /* TestApp.swift in Sources */,
			);
			runOnlyForDeploymentPostprocessing = 0;
		};
		EABF883A2C34106B009040F5 /* Sources */ = {
			isa = PBXSourcesBuildPhase;
			buildActionMask = 2147483647;
			files = (
				EABF884B2C3410F3009040F5 /* ContentView_UITests.swift in Sources */,
				EABF88432C34106B009040F5 /* TestUITestsLaunchTests.swift in Sources */,
				EABF88412C34106B009040F5 /* TestUITests.swift in Sources */,
			);
			runOnlyForDeploymentPostprocessing = 0;
		};
/* End PBXSourcesBuildPhase section */

/* Begin PBXTargetDependency section */
		EABF88452C34106B009040F5 /* PBXTargetDependency */ = {
			isa = PBXTargetDependency;
			target = EA53854D2C32FDA400A51A0A /* Test */;
			targetProxy = EABF88442C34106B009040F5 /* PBXContainerItemProxy */;
		};
/* End PBXTargetDependency section */

/* Begin XCBuildConfiguration section */
		EA53855A2C32FDA600A51A0A /* Debug */ = {
			isa = XCBuildConfiguration;
			buildSettings = {
				ALWAYS_SEARCH_USER_PATHS = NO;
				ASSETCATALOG_COMPILER_GENERATE_SWIFT_ASSET_SYMBOL_EXTENSIONS = YES;
				CLANG_ANALYZER_NONNULL = YES;
				CLANG_ANALYZER_NUMBER_OBJECT_CONVERSION = YES_AGGRESSIVE;
				CLANG_CXX_LANGUAGE_STANDARD = "gnu++20";
				CLANG_ENABLE_MODULES = YES;
				CLANG_ENABLE_OBJC_ARC = YES;
				CLANG_ENABLE_OBJC_WEAK = YES;
				CLANG_WARN_BLOCK_CAPTURE_AUTORELEASING = YES;
				CLANG_WARN_BOOL_CONVERSION = YES;
				CLANG_WARN_COMMA = YES;
				CLANG_WARN_CONSTANT_CONVERSION = YES;
				CLANG_WARN_DEPRECATED_OBJC_IMPLEMENTATIONS = YES;
				CLANG_WARN_DIRECT_OBJC_ISA_USAGE = YES_ERROR;
				CLANG_WARN_DOCUMENTATION_COMMENTS = YES;
				CLANG_WARN_EMPTY_BODY = YES;
				CLANG_WARN_ENUM_CONVERSION = YES;
				CLANG_WARN_INFINITE_RECURSION = YES;
				CLANG_WARN_INT_CONVERSION = YES;
				CLANG_WARN_NON_LITERAL_NULL_CONVERSION = YES;
				CLANG_WARN_OBJC_IMPLICIT_RETAIN_SELF = YES;
				CLANG_WARN_OBJC_LITERAL_CONVERSION = YES;
				CLANG_WARN_OBJC_ROOT_CLASS = YES_ERROR;
				CLANG_WARN_QUOTED_INCLUDE_IN_FRAMEWORK_HEADER = YES;
				CLANG_WARN_RANGE_LOOP_ANALYSIS = YES;
				CLANG_WARN_STRICT_PROTOTYPES = YES;
				CLANG_WARN_SUSPICIOUS_MOVE = YES;
				CLANG_WARN_UNGUARDED_AVAILABILITY = YES_AGGRESSIVE;
				CLANG_WARN_UNREACHABLE_CODE = YES;
				CLANG_WARN__DUPLICATE_METHOD_MATCH = YES;
				COPY_PHASE_STRIP = NO;
				DEBUG_INFORMATION_FORMAT = dwarf;
				ENABLE_STRICT_OBJC_MSGSEND = YES;
				ENABLE_TESTABILITY = YES;
				ENABLE_USER_SCRIPT_SANDBOXING = YES;
				GCC_C_LANGUAGE_STANDARD = gnu17;
				GCC_DYNAMIC_NO_PIC = NO;
				GCC_NO_COMMON_BLOCKS = YES;
				GCC_OPTIMIZATION_LEVEL = 0;
				GCC_PREPROCESSOR_DEFINITIONS = (
					"DEBUG=1",
					"$(inherited)",
				);
				GCC_WARN_64_TO_32_BIT_CONVERSION = YES;
				GCC_WARN_ABOUT_RETURN_TYPE = YES_ERROR;
				GCC_WARN_UNDECLARED_SELECTOR = YES;
				GCC_WARN_UNINITIALIZED_AUTOS = YES_AGGRESSIVE;
				GCC_WARN_UNUSED_FUNCTION = YES;
				GCC_WARN_UNUSED_VARIABLE = YES;
				IPHONEOS_DEPLOYMENT_TARGET = 17.0;
				LOCALIZATION_PREFERS_STRING_CATALOGS = YES;
				MTL_ENABLE_DEBUG_INFO = INCLUDE_SOURCE;
				MTL_FAST_MATH = YES;
				ONLY_ACTIVE_ARCH = YES;
				SDKROOT = iphoneos;
				SWIFT_ACTIVE_COMPILATION_CONDITIONS = "DEBUG $(inherited)";
				SWIFT_OPTIMIZATION_LEVEL = "-Onone";
			};
			name = Debug;
		};
		EA53855B2C32FDA600A51A0A /* Release */ = {
			isa = XCBuildConfiguration;
			buildSettings = {
				ALWAYS_SEARCH_USER_PATHS = NO;
				ASSETCATALOG_COMPILER_GENERATE_SWIFT_ASSET_SYMBOL_EXTENSIONS = YES;
				CLANG_ANALYZER_NONNULL = YES;
				CLANG_ANALYZER_NUMBER_OBJECT_CONVERSION = YES_AGGRESSIVE;
				CLANG_CXX_LANGUAGE_STANDARD = "gnu++20";
				CLANG_ENABLE_MODULES = YES;
				CLANG_ENABLE_OBJC_ARC = YES;
				CLANG_ENABLE_OBJC_WEAK = YES;
				CLANG_WARN_BLOCK_CAPTURE_AUTORELEASING = YES;
				CLANG_WARN_BOOL_CONVERSION = YES;
				CLANG_WARN_COMMA = YES;
				CLANG_WARN_CONSTANT_CONVERSION = YES;
				CLANG_WARN_DEPRECATED_OBJC_IMPLEMENTATIONS = YES;
				CLANG_WARN_DIRECT_OBJC_ISA_USAGE = YES_ERROR;
				CLANG_WARN_DOCUMENTATION_COMMENTS = YES;
				CLANG_WARN_EMPTY_BODY = YES;
				CLANG_WARN_ENUM_CONVERSION = YES;
				CLANG_WARN_INFINITE_RECURSION = YES;
				CLANG_WARN_INT_CONVERSION = YES;
				CLANG_WARN_NON_LITERAL_NULL_CONVERSION = YES;
				CLANG_WARN_OBJC_IMPLICIT_RETAIN_SELF = YES;
				CLANG_WARN_OBJC_LITERAL_CONVERSION = YES;
				CLANG_WARN_OBJC_ROOT_CLASS = YES_ERROR;
				CLANG_WARN_QUOTED_INCLUDE_IN_FRAMEWORK_HEADER = YES;
				CLANG_WARN_RANGE_LOOP_ANALYSIS = YES;
				CLANG_WARN_STRICT_PROTOTYPES = YES;
				CLANG_WARN_SUSPICIOUS_MOVE = YES;
				CLANG_WARN_UNGUARDED_AVAILABILITY = YES_AGGRESSIVE;
				CLANG_WARN_UNREACHABLE_CODE = YES;
				CLANG_WARN__DUPLICATE_METHOD_MATCH = YES;
				COPY_PHASE_STRIP = NO;
				DEBUG_INFORMATION_FORMAT = "dwarf-with-dsym";
				ENABLE_NS_ASSERTIONS = NO;
				ENABLE_STRICT_OBJC_MSGSEND = YES;
				ENABLE_USER_SCRIPT_SANDBOXING = YES;
				GCC_C_LANGUAGE_STANDARD = gnu17;
				GCC_NO_COMMON_BLOCKS = YES;
				GCC_WARN_64_TO_32_BIT_CONVERSION = YES;
				GCC_WARN_ABOUT_RETURN_TYPE = YES_ERROR;
				GCC_WARN_UNDECLARED_SELECTOR = YES;
				GCC_WARN_UNINITIALIZED_AUTOS = YES_AGGRESSIVE;
				GCC_WARN_UNUSED_FUNCTION = YES;
				GCC_WARN_UNUSED_VARIABLE = YES;
				IPHONEOS_DEPLOYMENT_TARGET = 17.0;
				LOCALIZATION_PREFERS_STRING_CATALOGS = YES;
				MTL_ENABLE_DEBUG_INFO = NO;
				MTL_FAST_MATH = YES;
				SDKROOT = iphoneos;
				SWIFT_COMPILATION_MODE = wholemodule;
				VALIDATE_PRODUCT = YES;
			};
			name = Release;
		};
		EA53855D2C32FDA600A51A0A /* Debug */ = {
			isa = XCBuildConfiguration;
			buildSettings = {
				ASSETCATALOG_COMPILER_APPICON_NAME = AppIcon;
				ASSETCATALOG_COMPILER_GLOBAL_ACCENT_COLOR_NAME = AccentColor;
				CODE_SIGN_STYLE = Automatic;
				CURRENT_PROJECT_VERSION = 1;
				DEVELOPMENT_ASSET_PATHS = "\"Test/Preview Content\"";
				DEVELOPMENT_TEAM = 9T9SUJA94F;
				ENABLE_PREVIEWS = YES;
				GENERATE_INFOPLIST_FILE = YES;
				INFOPLIST_KEY_UIApplicationSceneManifest_Generation = YES;
				INFOPLIST_KEY_UIApplicationSupportsIndirectInputEvents = YES;
				INFOPLIST_KEY_UILaunchScreen_Generation = YES;
				INFOPLIST_KEY_UISupportedInterfaceOrientations_iPad = "UIInterfaceOrientationPortrait UIInterfaceOrientationPortraitUpsideDown UIInterfaceOrientationLandscapeLeft UIInterfaceOrientationLandscapeRight";
				INFOPLIST_KEY_UISupportedInterfaceOrientations_iPhone = "UIInterfaceOrientationPortrait UIInterfaceOrientationLandscapeLeft UIInterfaceOrientationLandscapeRight";
				LD_RUNPATH_SEARCH_PATHS = (
					"$(inherited)",
					"@executable_path/Frameworks",
				);
				MARKETING_VERSION = 1.0;
				PRODUCT_BUNDLE_IDENTIFIER = com.marekmichalski.Test;
				PRODUCT_NAME = "$(TARGET_NAME)";
				SWIFT_EMIT_LOC_STRINGS = YES;
				SWIFT_VERSION = 5.0;
				TARGETED_DEVICE_FAMILY = "1,2";
			};
			name = Debug;
		};
		EA53855E2C32FDA600A51A0A /* Release */ = {
			isa = XCBuildConfiguration;
			buildSettings = {
				ASSETCATALOG_COMPILER_APPICON_NAME = AppIcon;
				ASSETCATALOG_COMPILER_GLOBAL_ACCENT_COLOR_NAME = AccentColor;
				CODE_SIGN_STYLE = Automatic;
				CURRENT_PROJECT_VERSION = 1;
				DEVELOPMENT_ASSET_PATHS = "\"Test/Preview Content\"";
				DEVELOPMENT_TEAM = 9T9SUJA94F;
				ENABLE_PREVIEWS = YES;
				GENERATE_INFOPLIST_FILE = YES;
				INFOPLIST_KEY_UIApplicationSceneManifest_Generation = YES;
				INFOPLIST_KEY_UIApplicationSupportsIndirectInputEvents = YES;
				INFOPLIST_KEY_UILaunchScreen_Generation = YES;
				INFOPLIST_KEY_UISupportedInterfaceOrientations_iPad = "UIInterfaceOrientationPortrait UIInterfaceOrientationPortraitUpsideDown UIInterfaceOrientationLandscapeLeft UIInterfaceOrientationLandscapeRight";
				INFOPLIST_KEY_UISupportedInterfaceOrientations_iPhone = "UIInterfaceOrientationPortrait UIInterfaceOrientationLandscapeLeft UIInterfaceOrientationLandscapeRight";
				LD_RUNPATH_SEARCH_PATHS = (
					"$(inherited)",
					"@executable_path/Frameworks",
				);
				MARKETING_VERSION = 1.0;
				PRODUCT_BUNDLE_IDENTIFIER = com.marekmichalski.Test;
				PRODUCT_NAME = "$(TARGET_NAME)";
				SWIFT_EMIT_LOC_STRINGS = YES;
				SWIFT_VERSION = 5.0;
				TARGETED_DEVICE_FAMILY = "1,2";
			};
			name = Release;
		};
		EABF88462C34106B009040F5 /* Debug */ = {
			isa = XCBuildConfiguration;
			buildSettings = {
				CODE_SIGN_STYLE = Automatic;
				CURRENT_PROJECT_VERSION = 1;
				DEVELOPMENT_TEAM = 9T9SUJA94F;
				GENERATE_INFOPLIST_FILE = YES;
				MARKETING_VERSION = 1.0;
				PRODUCT_BUNDLE_IDENTIFIER = com.marekmichalski.TestUITests;
				PRODUCT_NAME = "$(TARGET_NAME)";
				SWIFT_EMIT_LOC_STRINGS = NO;
				SWIFT_VERSION = 5.0;
				TARGETED_DEVICE_FAMILY = "1,2";
				TEST_TARGET_NAME = Test;
			};
			name = Debug;
		};
		EABF88472C34106B009040F5 /* Release */ = {
			isa = XCBuildConfiguration;
			buildSettings = {
				CODE_SIGN_STYLE = Automatic;
				CURRENT_PROJECT_VERSION = 1;
				DEVELOPMENT_TEAM = 9T9SUJA94F;
				GENERATE_INFOPLIST_FILE = YES;
				MARKETING_VERSION = 1.0;
				PRODUCT_BUNDLE_IDENTIFIER = com.marekmichalski.TestUITests;
				PRODUCT_NAME = "$(TARGET_NAME)";
				SWIFT_EMIT_LOC_STRINGS = NO;
				SWIFT_VERSION = 5.0;
				TARGETED_DEVICE_FAMILY = "1,2";
				TEST_TARGET_NAME = Test;
			};
			name = Release;
		};
/* End XCBuildConfiguration section */

/* Begin XCConfigurationList section */
		EA5385492C32FDA400A51A0A /* Build configuration list for PBXProject "Test" */ = {
			isa = XCConfigurationList;
			buildConfigurations = (
				EA53855A2C32FDA600A51A0A /* Debug */,
				EA53855B2C32FDA600A51A0A /* Release */,
			);
			defaultConfigurationIsVisible = 0;
			defaultConfigurationName = Release;
		};
		EA53855C2C32FDA600A51A0A /* Build configuration list for PBXNativeTarget "Test" */ = {
			isa = XCConfigurationList;
			buildConfigurations = (
				EA53855D2C32FDA600A51A0A /* Debug */,
				EA53855E2C32FDA600A51A0A /* Release */,
			);
			defaultConfigurationIsVisible = 0;
			defaultConfigurationName = Release;
		};
		EABF88482C34106B009040F5 /* Build configuration list for PBXNativeTarget "TestUITests" */ = {
			isa = XCConfigurationList;
			buildConfigurations = (
				EABF88462C34106B009040F5 /* Debug */,
				EABF88472C34106B009040F5 /* Release */,
			);
			defaultConfigurationIsVisible = 0;
			defaultConfigurationName = Release;
		};
/* End XCConfigurationList section */
	};
	rootObject = EA5385462C32FDA400A51A0A /* Project object */;
}
